
Microsoft Visual Studio Solution File, Format Version 12.00
# Visual Studio Version 17
VisualStudioVersion = 17.6.33801.468
MinimumVisualStudioVersion = 10.0.40219.1
Project("{FAE04EC0-301F-11D3-BF4B-00C04F79EFBC}") = "EFEntityRelationsApp", "EFEntityRelationsApp\EFEntityRelationsApp.csproj", "{3DE28378-4198-4E8D-8433-768017D2368C}"
EndProject
Global
	GlobalSection(SolutionConfigurationPlatforms) = preSolution
		Debug|Any CPU = Debug|Any CPU
		Release|Any CPU = Release|Any CPU
	EndGlobalSection
	GlobalSection(ProjectConfigurationPlatforms) = postSolution
		{3DE28378-4198-4E8D-8433-768017D2368C}.Debug|Any CPU.ActiveCfg = Debug|Any CPU
		{3DE28378-4198-4E8D-8433-768017D2368C}.Debug|Any CPU.Build.0 = Debug|Any CPU
		{3DE28378-4198-4E8D-8433-768017D2368C}.Release|Any CPU.ActiveCfg = Release|Any CPU
		{3DE28378-4198-4E8D-8433-768017D2368C}.Release|Any CPU.Build.0 = Release|Any CPU
	EndGlobalSection
	GlobalSection(SolutionProperties) = preSolution
		HideSolutionNode = FALSE
	EndGlobalSection
	GlobalSection(ExtensibilityGlobals) = postSolution
		SolutionGuid = {4763ABEC-2C95-4411-B8AB-0D48FD83BE05}
	EndGlobalSection
EndGlobal
